
Microsoft Visual Studio Solution File, Format Version 12.00
# Visual Studio Version 16
VisualStudioVersion = 16.0.29806.167
MinimumVisualStudioVersion = 10.0.40219.1
Project("{9A19103F-16F7-4668-BE54-9A1E7A4F7556}") = "Mi899", "src\Mi899\Mi899.csproj", "{EB03C864-42D6-4000-B7C5-12BCBE965DDC}"
EndProject
Project("{9A19103F-16F7-4668-BE54-9A1E7A4F7556}") = "Mi899.Data", "src\Mi899.Data\Mi899.Data.csproj", "{E2C5424D-F2BE-47D2-A754-7BC463C09DDE}"
EndProject
Project("{2150E333-8FDC-42A3-9474-1A3956D46DE8}") = "Solution Items", "Solution Items", "{648091EB-6B01-4DEF-BD07-7362B61986B2}"
	ProjectSection(SolutionItems) = preProject
		.gitignore = .gitignore
		LICENSE = LICENSE
		README.md = README.md
	EndProjectSection
EndProject
Project("{FAE04EC0-301F-11D3-BF4B-00C04F79EFBC}") = "Mi899.Data.Tests", "tests\Mi899.Data.Tests\Mi899.Data.Tests.csproj", "{D6EA25CB-907D-4509-A5D3-459A67D6E489}"
EndProject
Project("{FAE04EC0-301F-11D3-BF4B-00C04F79EFBC}") = "Mi899.Contracts", "Src\Mi899.Contracts\Mi899.Contracts.csproj", "{31A8DD53-A815-4301-BA8C-28EB1A7A4D62}"
EndProject
Project("{FAE04EC0-301F-11D3-BF4B-00C04F79EFBC}") = "Mi899.Domain", "src\Mi899.Domain\Mi899.Domain.csproj", "{09FED745-F587-413F-958A-B5421173690A}"
EndProject
Global
	GlobalSection(SolutionConfigurationPlatforms) = preSolution
		Debug|Any CPU = Debug|Any CPU
		Release|Any CPU = Release|Any CPU
	EndGlobalSection
	GlobalSection(ProjectConfigurationPlatforms) = postSolution
		{EB03C864-42D6-4000-B7C5-12BCBE965DDC}.Debug|Any CPU.ActiveCfg = Debug|Any CPU
		{EB03C864-42D6-4000-B7C5-12BCBE965DDC}.Debug|Any CPU.Build.0 = Debug|Any CPU
		{EB03C864-42D6-4000-B7C5-12BCBE965DDC}.Release|Any CPU.ActiveCfg = Release|Any CPU
		{EB03C864-42D6-4000-B7C5-12BCBE965DDC}.Release|Any CPU.Build.0 = Release|Any CPU
		{E2C5424D-F2BE-47D2-A754-7BC463C09DDE}.Debug|Any CPU.ActiveCfg = Debug|Any CPU
		{E2C5424D-F2BE-47D2-A754-7BC463C09DDE}.Debug|Any CPU.Build.0 = Debug|Any CPU
		{E2C5424D-F2BE-47D2-A754-7BC463C09DDE}.Release|Any CPU.ActiveCfg = Release|Any CPU
		{E2C5424D-F2BE-47D2-A754-7BC463C09DDE}.Release|Any CPU.Build.0 = Release|Any CPU
		{D6EA25CB-907D-4509-A5D3-459A67D6E489}.Debug|Any CPU.ActiveCfg = Debug|Any CPU
		{D6EA25CB-907D-4509-A5D3-459A67D6E489}.Debug|Any CPU.Build.0 = Debug|Any CPU
		{D6EA25CB-907D-4509-A5D3-459A67D6E489}.Release|Any CPU.ActiveCfg = Release|Any CPU
		{D6EA25CB-907D-4509-A5D3-459A67D6E489}.Release|Any CPU.Build.0 = Release|Any CPU
		{31A8DD53-A815-4301-BA8C-28EB1A7A4D62}.Debug|Any CPU.ActiveCfg = Debug|Any CPU
		{31A8DD53-A815-4301-BA8C-28EB1A7A4D62}.Debug|Any CPU.Build.0 = Debug|Any CPU
		{31A8DD53-A815-4301-BA8C-28EB1A7A4D62}.Release|Any CPU.ActiveCfg = Release|Any CPU
		{31A8DD53-A815-4301-BA8C-28EB1A7A4D62}.Release|Any CPU.Build.0 = Release|Any CPU
		{09FED745-F587-413F-958A-B5421173690A}.Debug|Any CPU.ActiveCfg = Debug|Any CPU
		{09FED745-F587-413F-958A-B5421173690A}.Debug|Any CPU.Build.0 = Debug|Any CPU
		{09FED745-F587-413F-958A-B5421173690A}.Release|Any CPU.ActiveCfg = Release|Any CPU
		{09FED745-F587-413F-958A-B5421173690A}.Release|Any CPU.Build.0 = Release|Any CPU
	EndGlobalSection
	GlobalSection(SolutionProperties) = preSolution
		HideSolutionNode = FALSE
	EndGlobalSection
	GlobalSection(ExtensibilityGlobals) = postSolution
		SolutionGuid = {4890D716-2C19-449B-BF6A-38D2A778C925}
	EndGlobalSection
EndGlobal
